
Microsoft Visual Studio Solution File, Format Version 12.00
# Visual Studio 15
VisualStudioVersion = 15.0.27428.2015
MinimumVisualStudioVersion = 10.0.40219.1
Project("{2150E333-8FDC-42A3-9474-1A3956D46DE8}") = "Foundation", "Foundation", "{21FC7652-8524-4719-910C-1B7AE22019BF}"
EndProject
Project("{2150E333-8FDC-42A3-9474-1A3956D46DE8}") = "Feature", "Feature", "{081DCB89-75EA-481F-BE22-3F4B640F21E0}"
EndProject
Project("{2150E333-8FDC-42A3-9474-1A3956D46DE8}") = "Configuration", "Configuration", "{F1A7CF4A-7FEA-4545-805B-73AC9DF7B976}"
EndProject
Project("{2150E333-8FDC-42A3-9474-1A3956D46DE8}") = "Git", "Git", "{0C4E56EC-B96B-4A3F-9421-0D6F74B9B4A1}"
	ProjectSection(SolutionItems) = preProject
		.gitignore = .gitignore
		README.md = README.md
	EndProjectSection
EndProject
Project("{2150E333-8FDC-42A3-9474-1A3956D46DE8}") = "Environment specific", "Environment specific", "{EC1F4471-89E1-4552-B5FC-44A6D9540340}"
	ProjectSection(SolutionItems) = preProject
		publishsettings.targets = publishsettings.targets
		zzz.Sitecore.Utilities.config = zzz.Sitecore.Utilities.config
	EndProjectSection
EndProject
Project("{2150E333-8FDC-42A3-9474-1A3956D46DE8}") = "example", "example", "{CB3ABEE7-F22F-4E71-B9D8-75A094499DBA}"
	ProjectSection(SolutionItems) = preProject
		publishsettings.targets.example = publishsettings.targets.example
		zzz.Sitecore.Utilities.config.example = zzz.Sitecore.Utilities.config.example
	EndProjectSection
EndProject
Project("{2150E333-8FDC-42A3-9474-1A3956D46DE8}") = "Build", "Build", "{BC8E23EB-F2C4-4F0A-951A-890F19B9058D}"
	ProjectSection(SolutionItems) = preProject
		publish.ps1 = publish.ps1
	EndProjectSection
EndProject
Project("{FAE04EC0-301F-11D3-BF4B-00C04F79EFBC}") = "Sitecore.Utilities.Foundation.Serialization", "src\Foundation\Serialization\Sitecore.Utilities.Foundation.Serialization.csproj", "{468C838F-D833-4B7F-9B9A-9A635472A06F}"
EndProject
Project("{FAE04EC0-301F-11D3-BF4B-00C04F79EFBC}") = "Sitecore.Utilities.Feature.TemplateCodeGenerator", "src\Feature\TemplateCodeGenerator\Sitecore.Utilities.Feature.TemplateCodeGenerator.csproj", "{71AF7979-6464-41DC-9E2B-D3D81DB96478}"
EndProject
Global
	GlobalSection(SolutionConfigurationPlatforms) = preSolution
		Debug|Any CPU = Debug|Any CPU
		Release|Any CPU = Release|Any CPU
	EndGlobalSection
	GlobalSection(ProjectConfigurationPlatforms) = postSolution
		{468C838F-D833-4B7F-9B9A-9A635472A06F}.Debug|Any CPU.ActiveCfg = Debug|Any CPU
		{468C838F-D833-4B7F-9B9A-9A635472A06F}.Debug|Any CPU.Build.0 = Debug|Any CPU
		{468C838F-D833-4B7F-9B9A-9A635472A06F}.Release|Any CPU.ActiveCfg = Release|Any CPU
		{468C838F-D833-4B7F-9B9A-9A635472A06F}.Release|Any CPU.Build.0 = Release|Any CPU
		{71AF7979-6464-41DC-9E2B-D3D81DB96478}.Debug|Any CPU.ActiveCfg = Debug|Any CPU
		{71AF7979-6464-41DC-9E2B-D3D81DB96478}.Debug|Any CPU.Build.0 = Debug|Any CPU
		{71AF7979-6464-41DC-9E2B-D3D81DB96478}.Release|Any CPU.ActiveCfg = Release|Any CPU
		{71AF7979-6464-41DC-9E2B-D3D81DB96478}.Release|Any CPU.Build.0 = Release|Any CPU
	EndGlobalSection
	GlobalSection(SolutionProperties) = preSolution
		HideSolutionNode = FALSE
	EndGlobalSection
	GlobalSection(NestedProjects) = preSolution
		{0C4E56EC-B96B-4A3F-9421-0D6F74B9B4A1} = {F1A7CF4A-7FEA-4545-805B-73AC9DF7B976}
		{EC1F4471-89E1-4552-B5FC-44A6D9540340} = {F1A7CF4A-7FEA-4545-805B-73AC9DF7B976}
		{CB3ABEE7-F22F-4E71-B9D8-75A094499DBA} = {EC1F4471-89E1-4552-B5FC-44A6D9540340}
		{BC8E23EB-F2C4-4F0A-951A-890F19B9058D} = {F1A7CF4A-7FEA-4545-805B-73AC9DF7B976}
		{468C838F-D833-4B7F-9B9A-9A635472A06F} = {21FC7652-8524-4719-910C-1B7AE22019BF}
		{71AF7979-6464-41DC-9E2B-D3D81DB96478} = {081DCB89-75EA-481F-BE22-3F4B640F21E0}
	EndGlobalSection
	GlobalSection(ExtensibilityGlobals) = postSolution
		SolutionGuid = {FFA112DE-00B1-433F-8F16-0B2400277541}
	EndGlobalSection
EndGlobal
